{
  "version": 4,
  "terraform_version": "1.5.7",
  "serial": 1,
  "lineage": "24606990-3e8e-c76c-e185-d23bc0cfb892",
  "outputs": {},
  "resources": [
    {
      "mode": "managed",
      "type": "vercel_project",
      "name": "example",
      "provider": "provider[\"registry.terraform.io/vercel/vercel\"]",
      "instances": [
        {
          "schema_version": 0,
          "attributes": {
            "build_command": null,
            "dev_command": null,
            "environment": null,
            "framework": "nextjs",
            "git_repository": {
              "production_branch": "main",
              "repo": "therkels/liftdplus",
              "type": "github"
            },
            "id": "prj_C1r3MJFmKwo0CUbHKZ2Tq9szZhjv",
            "ignore_command": null,
            "install_command": null,
            "name": "terraform-test-project",
            "output_directory": null,
            "password_protection": null,
            "protection_bypass_for_automation": null,
            "protection_bypass_for_automation_secret": null,
            "public_source": null,
            "root_directory": null,
            "serverless_function_region": "sfo1",
            "team_id": null,
            "vercel_authentication": {
              "protect_production": false
            }
          },
          "sensitive_attributes": []
        }
      ]
    }
  ],
  "check_results": null
}
