{
  "version": 4,
  "terraform_version": "1.5.7",
  "serial": 3,
  "lineage": "24606990-3e8e-c76c-e185-d23bc0cfb892",
  "outputs": {},
  "resources": [
    {
      "mode": "data",
      "type": "vercel_project_directory",
      "name": "example",
      "provider": "provider[\"registry.terraform.io/vercel/vercel\"]",
      "instances": [
        {
          "schema_version": 0,
          "attributes": {
            "files": {
              "../liftdplus-web/Dockerfile": "2175~b88a2c0500ce9152c2d6888c56842a1b3060dafd",
              "../liftdplus-web/Dockerfile.dev": "666~0cbb33884ac578a26113aa441de6ffa2b1c19305",
              "../liftdplus-web/README.md": "1349~5796b4a266ed791094cde2357d5553e27397a332",
              "../liftdplus-web/docker-compose.yaml": "846~856ff7f85eb5aac71beb66ba6f2f2f997717136a",
              "../liftdplus-web/next-env.d.ts": "211~f75a118439f630e5ca41d376cedef8db9b6d7fc6",
              "../liftdplus-web/next.config.ts": "157~3a6910e7910e28785813116ace47b5dd03c9a028",
              "../liftdplus-web/package-lock.json": "58480~29c0f7ecad616bfdb59537bd707915d44fba6a2f",
              "../liftdplus-web/package.json": "496~d1c76b6267ffc862bd979b8617ae9228ec96b920",
              "../liftdplus-web/postcss.config.mjs": "81~73695b153f42c92ffd2e6af7b20a4c0c74adc3ec",
              "../liftdplus-web/public/file.svg": "391~fb380eeffe87d50b597383664c02982964d0d28c",
              "../liftdplus-web/public/globe.svg": "1035~2eba23b01a46733bb8423e6d38ebf5f7e95abec5",
              "../liftdplus-web/public/next.svg": "1375~3f3e95622612b989c5bd6a03299a308c6f3c7e6b",
              "../liftdplus-web/public/vercel.svg": "128~cebb8852d58c8886be3e9051a26957f42bb82f1a",
              "../liftdplus-web/public/window.svg": "385~54c48e0daa6caa317fe1b4c419007fd93e948db9",
              "../liftdplus-web/src/app/favicon.ico": "25931~9ecfcc8f0ead0bf3d2d7c39e084b88f41cc89a2e",
              "../liftdplus-web/src/app/globals.css": "488~719cb0fc3f630f5f3d18d1fdbb218d5aade1fec7",
              "../liftdplus-web/src/app/layout.tsx": "689~64defc3e135b2ec6c9b7f90f006eb2016011691f",
              "../liftdplus-web/src/app/page.tsx": "4122~524e6e837a68c711db2e3669bbc80e77a172eeea",
              "../liftdplus-web/tsconfig.json": "602~a31493a7b9a50a1220481e42b85bf19bbeff6f77"
            },
            "id": "../liftdplus-web",
            "path": "../liftdplus-web"
          },
          "sensitive_attributes": []
        }
      ]
    },
    {
      "mode": "managed",
      "type": "vercel_deployment",
      "name": "example",
      "provider": "provider[\"registry.terraform.io/vercel/vercel\"]",
      "instances": [
        {
          "schema_version": 0,
          "attributes": {
            "delete_on_destroy": null,
            "domains": [
              "terraform-test-project-jakob-therkelsens-projects.vercel.app",
              "terraform-test-project-five.vercel.app",
              "terraform-test-project-therkels-jakob-therkelsens-projects.vercel.app"
            ],
            "environment": null,
            "files": {
              "../liftdplus-web/Dockerfile": "2175~b88a2c0500ce9152c2d6888c56842a1b3060dafd",
              "../liftdplus-web/Dockerfile.dev": "666~0cbb33884ac578a26113aa441de6ffa2b1c19305",
              "../liftdplus-web/README.md": "1349~5796b4a266ed791094cde2357d5553e27397a332",
              "../liftdplus-web/docker-compose.yaml": "846~856ff7f85eb5aac71beb66ba6f2f2f997717136a",
              "../liftdplus-web/next-env.d.ts": "211~f75a118439f630e5ca41d376cedef8db9b6d7fc6",
              "../liftdplus-web/next.config.ts": "157~3a6910e7910e28785813116ace47b5dd03c9a028",
              "../liftdplus-web/package-lock.json": "58480~29c0f7ecad616bfdb59537bd707915d44fba6a2f",
              "../liftdplus-web/package.json": "496~d1c76b6267ffc862bd979b8617ae9228ec96b920",
              "../liftdplus-web/postcss.config.mjs": "81~73695b153f42c92ffd2e6af7b20a4c0c74adc3ec",
              "../liftdplus-web/public/file.svg": "391~fb380eeffe87d50b597383664c02982964d0d28c",
              "../liftdplus-web/public/globe.svg": "1035~2eba23b01a46733bb8423e6d38ebf5f7e95abec5",
              "../liftdplus-web/public/next.svg": "1375~3f3e95622612b989c5bd6a03299a308c6f3c7e6b",
              "../liftdplus-web/public/vercel.svg": "128~cebb8852d58c8886be3e9051a26957f42bb82f1a",
              "../liftdplus-web/public/window.svg": "385~54c48e0daa6caa317fe1b4c419007fd93e948db9",
              "../liftdplus-web/src/app/favicon.ico": "25931~9ecfcc8f0ead0bf3d2d7c39e084b88f41cc89a2e",
              "../liftdplus-web/src/app/globals.css": "488~719cb0fc3f630f5f3d18d1fdbb218d5aade1fec7",
              "../liftdplus-web/src/app/layout.tsx": "689~64defc3e135b2ec6c9b7f90f006eb2016011691f",
              "../liftdplus-web/src/app/page.tsx": "4122~524e6e837a68c711db2e3669bbc80e77a172eeea",
              "../liftdplus-web/tsconfig.json": "602~a31493a7b9a50a1220481e42b85bf19bbeff6f77"
            },
            "id": "dpl_6oThi9Wvg9BcMrPjCm8YNKBweh23",
            "path_prefix": "../liftdplus-web",
            "production": false,
            "project_id": "prj_C1r3MJFmKwo0CUbHKZ2Tq9szZhjv",
            "project_settings": null,
            "ref": null,
            "team_id": null,
            "url": "terraform-test-project-o7n493akw-jakob-therkelsens-projects.vercel.app"
          },
          "sensitive_attributes": [],
          "dependencies": [
            "data.vercel_project_directory.example",
            "vercel_project.example"
          ]
        }
      ]
    },
    {
      "mode": "managed",
      "type": "vercel_project",
      "name": "example",
      "provider": "provider[\"registry.terraform.io/vercel/vercel\"]",
      "instances": [
        {
          "schema_version": 0,
          "attributes": {
            "build_command": null,
            "dev_command": null,
            "environment": null,
            "framework": "nextjs",
            "git_repository": {
              "production_branch": "main",
              "repo": "therkels/liftdplus",
              "type": "github"
            },
            "id": "prj_C1r3MJFmKwo0CUbHKZ2Tq9szZhjv",
            "ignore_command": null,
            "install_command": null,
            "name": "terraform-test-project",
            "output_directory": null,
            "password_protection": null,
            "protection_bypass_for_automation": null,
            "protection_bypass_for_automation_secret": null,
            "public_source": null,
            "root_directory": null,
            "serverless_function_region": "sfo1",
            "team_id": null,
            "vercel_authentication": {
              "protect_production": false
            }
          },
          "sensitive_attributes": []
        }
      ]
    }
  ],
  "check_results": null
}
